
Microsoft Visual Studio Solution File, Format Version 11.00
# Visual Studio 2010
Project("{FAE04EC0-301F-11D3-BF4B-00C04F79EFBC}") = "Unity.Timeline", "Unity.Timeline.csproj", "{d89cb9fa-2e85-24c7-3348-4bcc85e29ce5}"
EndProject
Project("{FAE04EC0-301F-11D3-BF4B-00C04F79EFBC}") = "Unity.RenderPipelines.GPUDriven.Runtime", "Unity.RenderPipelines.GPUDriven.Runtime.csproj", "{5c18b684-ff62-0a3c-d555-6ca607878b2b}"
EndProject
Project("{FAE04EC0-301F-11D3-BF4B-00C04F79EFBC}") = "Unity.PlasticSCM.Editor", "Unity.PlasticSCM.Editor.csproj", "{0bf52715-9e7d-38ef-dc55-34cb67fb3754}"
EndProject
Project("{FAE04EC0-301F-11D3-BF4B-00C04F79EFBC}") = "Unity.ShaderGraph.Editor", "Unity.ShaderGraph.Editor.csproj", "{d54411ef-887e-47c4-3e0e-2463a17f150d}"
EndProject
Project("{FAE04EC0-301F-11D3-BF4B-00C04F79EFBC}") = "Unity.RenderPipelines.Core.Runtime", "Unity.RenderPipelines.Core.Runtime.csproj", "{76d4472c-8729-488a-85d5-2fd2f819f491}"
EndProject
Project("{FAE04EC0-301F-11D3-BF4B-00C04F79EFBC}") = "Unity.Mathematics", "Unity.Mathematics.csproj", "{0147d629-7c33-d79e-6eef-83206d5526fe}"
EndProject
Project("{FAE04EC0-301F-11D3-BF4B-00C04F79EFBC}") = "Unity.Timeline.Editor", "Unity.Timeline.Editor.csproj", "{f8bc0baf-8441-74ea-3d7c-8cfce1188bb9}"
EndProject
Project("{FAE04EC0-301F-11D3-BF4B-00C04F79EFBC}") = "Unity.Multiplayer.Center.Editor", "Unity.Multiplayer.Center.Editor.csproj", "{9bf66951-797f-1eb4-302c-5822edaf3aab}"
EndProject
Project("{FAE04EC0-301F-11D3-BF4B-00C04F79EFBC}") = "Unity.RenderPipelines.Core.Editor", "Unity.RenderPipelines.Core.Editor.csproj", "{c2eb0aeb-962f-c9f3-b26d-da907d8effdc}"
EndProject
Project("{FAE04EC0-301F-11D3-BF4B-00C04F79EFBC}") = "Unity.Collections", "Unity.Collections.csproj", "{05c37c11-3880-ea0a-08f8-b58cd5ee4572}"
EndProject
Project("{FAE04EC0-301F-11D3-BF4B-00C04F79EFBC}") = "UnityEngine.UI", "UnityEngine.UI.csproj", "{f671c87a-0a64-b083-1972-a3def7cfa1b7}"
EndProject
Project("{FAE04EC0-301F-11D3-BF4B-00C04F79EFBC}") = "Unity.RenderPipelines.Universal.2D.Runtime", "Unity.RenderPipelines.Universal.2D.Runtime.csproj", "{1a782c71-bcdc-0687-95ef-034440a0665a}"
EndProject
Project("{FAE04EC0-301F-11D3-BF4B-00C04F79EFBC}") = "Unity.VisualScripting.Core.Editor", "Unity.VisualScripting.Core.Editor.csproj", "{27a19472-3561-d257-0edc-b3da91e8c3e8}"
EndProject
Project("{FAE04EC0-301F-11D3-BF4B-00C04F79EFBC}") = "Unity.RenderPipelines.Universal.Editor", "Unity.RenderPipelines.Universal.Editor.csproj", "{f2d2c010-31fc-76e3-f435-ce5dae475a55}"
EndProject
Project("{FAE04EC0-301F-11D3-BF4B-00C04F79EFBC}") = "Unity.PerformanceTesting.Editor", "Unity.PerformanceTesting.Editor.csproj", "{bfa46a08-726b-4bef-995e-5fa88156f248}"
EndProject
Project("{FAE04EC0-301F-11D3-BF4B-00C04F79EFBC}") = "UnityEngine.TestRunner", "UnityEngine.TestRunner.csproj", "{157f438d-0117-0d3c-26de-a43b4af58ebd}"
EndProject
Project("{FAE04EC0-301F-11D3-BF4B-00C04F79EFBC}") = "Unity.Burst", "Unity.Burst.csproj", "{aee20c89-221d-54d8-fa89-cbeb884e3aec}"
EndProject
Project("{FAE04EC0-301F-11D3-BF4B-00C04F79EFBC}") = "Unity.VisualScripting.Flow.Editor", "Unity.VisualScripting.Flow.Editor.csproj", "{2094205b-c2bb-3ece-4407-6cb77d9e66c8}"
EndProject
Project("{FAE04EC0-301F-11D3-BF4B-00C04F79EFBC}") = "Unity.VisualStudio.Editor", "Unity.VisualStudio.Editor.csproj", "{507dc824-6f4a-d30f-da2b-d330580616ed}"
EndProject
Project("{FAE04EC0-301F-11D3-BF4B-00C04F79EFBC}") = "Unity.InputSystem", "Unity.InputSystem.csproj", "{9a731bed-11a1-bd66-2519-3331cb75f511}"
EndProject
Project("{FAE04EC0-301F-11D3-BF4B-00C04F79EFBC}") = "PPv2URPConverters", "PPv2URPConverters.csproj", "{598505c9-df31-5f7b-dca1-759306047885}"
EndProject
Project("{FAE04EC0-301F-11D3-BF4B-00C04F79EFBC}") = "Unity.Searcher.Editor", "Unity.Searcher.Editor.csproj", "{92716104-888e-ec8a-c5d9-44b7df1dd848}"
EndProject
Project("{FAE04EC0-301F-11D3-BF4B-00C04F79EFBC}") = "UnityEditor.TestRunner", "UnityEditor.TestRunner.csproj", "{e0d9cd58-dfcb-6dd6-28e4-c938b0979a0f}"
EndProject
Project("{FAE04EC0-301F-11D3-BF4B-00C04F79EFBC}") = "SimpleInput.Runtime", "SimpleInput.Runtime.csproj", "{4756b798-e041-1525-ccfc-b578f481646a}"
EndProject
Project("{FAE04EC0-301F-11D3-BF4B-00C04F79EFBC}") = "Unity.VisualScripting.Core", "Unity.VisualScripting.Core.csproj", "{c4a50d13-79cc-0ef8-6648-dd60734c0e4d}"
EndProject
Project("{FAE04EC0-301F-11D3-BF4B-00C04F79EFBC}") = "Unity.RenderPipelines.Universal.Runtime", "Unity.RenderPipelines.Universal.Runtime.csproj", "{60afe48f-aa51-bfe0-d38f-e201b1441e68}"
EndProject
Project("{FAE04EC0-301F-11D3-BF4B-00C04F79EFBC}") = "Unity.CollabProxy.Editor", "Unity.CollabProxy.Editor.csproj", "{b7fffff0-e4e4-fae3-264d-49f40bb5c0ad}"
EndProject
Project("{FAE04EC0-301F-11D3-BF4B-00C04F79EFBC}") = "Unity.AI.Navigation.Editor.ConversionSystem", "Unity.AI.Navigation.Editor.ConversionSystem.csproj", "{96ba18bc-2dcc-b8e8-1795-9ea5be229c41}"
EndProject
Project("{FAE04EC0-301F-11D3-BF4B-00C04F79EFBC}") = "Unity.VisualScripting.State.Editor", "Unity.VisualScripting.State.Editor.csproj", "{fbffb4e1-56c8-f2a6-e740-d3c81ebb4424}"
EndProject
Project("{FAE04EC0-301F-11D3-BF4B-00C04F79EFBC}") = "Unity.Burst.CodeGen", "Unity.Burst.CodeGen.csproj", "{069bfd01-30f4-96d0-60b8-28a6f81b2229}"
EndProject
Project("{FAE04EC0-301F-11D3-BF4B-00C04F79EFBC}") = "Unity.VisualScripting.Flow", "Unity.VisualScripting.Flow.csproj", "{b85ea63b-d9d8-e872-5459-54add0068903}"
EndProject
Project("{FAE04EC0-301F-11D3-BF4B-00C04F79EFBC}") = "Unity.PerformanceTesting", "Unity.PerformanceTesting.csproj", "{0a2a057c-57fe-b62e-3b23-aa6aebd4dd72}"
EndProject
Project("{FAE04EC0-301F-11D3-BF4B-00C04F79EFBC}") = "Unity.TextMeshPro", "Unity.TextMeshPro.csproj", "{7cb343ed-8132-7d47-02e8-53a0416c01e2}"
EndProject
Project("{FAE04EC0-301F-11D3-BF4B-00C04F79EFBC}") = "Unity.TextMeshPro.Editor", "Unity.TextMeshPro.Editor.csproj", "{ab46a52b-ccb4-daf9-36a1-749c657ca9e3}"
EndProject
Project("{FAE04EC0-301F-11D3-BF4B-00C04F79EFBC}") = "Unity.Rendering.LightTransport.Runtime", "Unity.Rendering.LightTransport.Runtime.csproj", "{d9c0f9bd-fd3a-edb1-94f5-9f126a006156}"
EndProject
Project("{FAE04EC0-301F-11D3-BF4B-00C04F79EFBC}") = "Unity.Burst.Editor", "Unity.Burst.Editor.csproj", "{338528e4-5c6f-f463-1c22-4daaa5c62d5f}"
EndProject
Project("{FAE04EC0-301F-11D3-BF4B-00C04F79EFBC}") = "Unity.Rider.Editor", "Unity.Rider.Editor.csproj", "{e5190746-2f40-f15b-d15a-7fa347c31171}"
EndProject
Project("{FAE04EC0-301F-11D3-BF4B-00C04F79EFBC}") = "Unity.VisualScripting.State", "Unity.VisualScripting.State.csproj", "{3fd99f15-f4b3-ea79-9298-8e57afca162d}"
EndProject
Project("{FAE04EC0-301F-11D3-BF4B-00C04F79EFBC}") = "Unity.AI.Navigation.Updater", "Unity.AI.Navigation.Updater.csproj", "{77613650-12b6-eaff-a283-60f43eeefbf4}"
EndProject
Project("{FAE04EC0-301F-11D3-BF4B-00C04F79EFBC}") = "UnityEditor.UI", "UnityEditor.UI.csproj", "{1c3990c4-47d4-0e58-af75-88dfd270d65c}"
EndProject
Project("{FAE04EC0-301F-11D3-BF4B-00C04F79EFBC}") = "Unity.AI.Navigation.Editor", "Unity.AI.Navigation.Editor.csproj", "{65d0bd2a-3c33-b975-eecf-b793d9445efa}"
EndProject
Project("{FAE04EC0-301F-11D3-BF4B-00C04F79EFBC}") = "Unity.Multiplayer.Center.Common", "Unity.Multiplayer.Center.Common.csproj", "{fce4fd45-ab22-4b97-3d6c-c8d788a4f2e9}"
EndProject
Project("{FAE04EC0-301F-11D3-BF4B-00C04F79EFBC}") = "Unity.InputSystem.ForUI", "Unity.InputSystem.ForUI.csproj", "{5e964650-f4da-8d55-31f8-161f289287a3}"
EndProject
Project("{FAE04EC0-301F-11D3-BF4B-00C04F79EFBC}") = "Unity.AI.Navigation", "Unity.AI.Navigation.csproj", "{6116148c-be9d-8cf2-894e-f12a9d6ad709}"
EndProject
Project("{FAE04EC0-301F-11D3-BF4B-00C04F79EFBC}") = "Unity.Collections.CodeGen", "Unity.Collections.CodeGen.csproj", "{89c7ac62-a0f6-2cf6-0c12-597ca3592aca}"
EndProject
Project("{FAE04EC0-301F-11D3-BF4B-00C04F79EFBC}") = "Unity.Mathematics.Editor", "Unity.Mathematics.Editor.csproj", "{71424fb9-2a78-eb86-c3a5-7e5b33658703}"
EndProject
Project("{FAE04EC0-301F-11D3-BF4B-00C04F79EFBC}") = "Unity.VisualScripting.SettingsProvider.Editor", "Unity.VisualScripting.SettingsProvider.Editor.csproj", "{ef54b032-aca3-e565-4fcf-0750c7c22363}"
EndProject
Project("{FAE04EC0-301F-11D3-BF4B-00C04F79EFBC}") = "Assembly-CSharp-Editor", "Assembly-CSharp-Editor.csproj", "{158cf1a6-9941-8205-153b-5a0e9fdbee5f}"
EndProject
Project("{FAE04EC0-301F-11D3-BF4B-00C04F79EFBC}") = "Unity.InputSystem.TestFramework", "Unity.InputSystem.TestFramework.csproj", "{eb2fe6a6-2a65-b8fb-88f4-26f41aecf294}"
EndProject
Project("{FAE04EC0-301F-11D3-BF4B-00C04F79EFBC}") = "Unity.ShaderGraph.Utilities", "Unity.ShaderGraph.Utilities.csproj", "{6de8f22a-9df1-3a9e-8f58-5a19ed4fc1c7}"
EndProject
Project("{FAE04EC0-301F-11D3-BF4B-00C04F79EFBC}") = "Unity.VisualScripting.Shared.Editor", "Unity.VisualScripting.Shared.Editor.csproj", "{82a6d686-6034-be5a-b429-84b80000756d}"
EndProject
Project("{FAE04EC0-301F-11D3-BF4B-00C04F79EFBC}") = "SimpleInput.Editor", "SimpleInput.Editor.csproj", "{5e317bb1-482e-7a91-3d2b-c2f2f2938317}"
EndProject
Project("{FAE04EC0-301F-11D3-BF4B-00C04F79EFBC}") = "Unity.RenderPipeline.Universal.ShaderLibrary", "Unity.RenderPipeline.Universal.ShaderLibrary.csproj", "{415f51c0-cba0-1b4f-b214-36172eb093db}"
EndProject
Project("{FAE04EC0-301F-11D3-BF4B-00C04F79EFBC}") = "Assembly-CSharp", "Assembly-CSharp.csproj", "{458740b6-84a5-96df-f734-b94798fd6934}"
EndProject
Project("{FAE04EC0-301F-11D3-BF4B-00C04F79EFBC}") = "Unity.Rendering.LightTransport.Editor", "Unity.Rendering.LightTransport.Editor.csproj", "{0a3af21e-168b-3828-7457-e1d497daeea8}"
EndProject
Project("{FAE04EC0-301F-11D3-BF4B-00C04F79EFBC}") = "Unity.InputSystem.DocCodeSamples", "Unity.InputSystem.DocCodeSamples.csproj", "{f57e829a-17d7-0f1e-91d8-352bb052b63c}"
EndProject
Project("{FAE04EC0-301F-11D3-BF4B-00C04F79EFBC}") = "Unity.RenderPipelines.Universal.Shaders", "Unity.RenderPipelines.Universal.Shaders.csproj", "{8872ddd2-25dd-1015-e003-cc259588a4d0}"
EndProject
Project("{FAE04EC0-301F-11D3-BF4B-00C04F79EFBC}") = "Unity.RenderPipelines.Core.Runtime.Shared", "Unity.RenderPipelines.Core.Runtime.Shared.csproj", "{2e03565b-3bcf-5987-54ef-f1f114f37a72}"
EndProject
Project("{FAE04EC0-301F-11D3-BF4B-00C04F79EFBC}") = "Unity.Collections.Editor", "Unity.Collections.Editor.csproj", "{29be8d01-88fc-75dd-cc1b-7aebb71a22b8}"
EndProject
Project("{FAE04EC0-301F-11D3-BF4B-00C04F79EFBC}") = "Unity.RenderPipelines.Universal.Config.Runtime", "Unity.RenderPipelines.Universal.Config.Runtime.csproj", "{67497f74-9564-6257-375c-ebecca98926a}"
EndProject
Project("{FAE04EC0-301F-11D3-BF4B-00C04F79EFBC}") = "Unity.RenderPipelines.ShaderGraph.ShaderGraphLibrary", "Unity.RenderPipelines.ShaderGraph.ShaderGraphLibrary.csproj", "{60f236b8-d11b-31ce-c6e6-82976d7a0012}"
EndProject
Project("{FAE04EC0-301F-11D3-BF4B-00C04F79EFBC}") = "Unity.RenderPipelines.Core.ShaderLibrary", "Unity.RenderPipelines.Core.ShaderLibrary.csproj", "{78998908-9c61-2663-ff7b-c10493605790}"
EndProject
Project("{FAE04EC0-301F-11D3-BF4B-00C04F79EFBC}") = "Unity.RenderPipelines.Core.Editor.Shared", "Unity.RenderPipelines.Core.Editor.Shared.csproj", "{dec64824-e8ce-04f0-1807-5f8d524d5cac}"
EndProject
Project("{FAE04EC0-301F-11D3-BF4B-00C04F79EFBC}") = "Unity.Timeline", "Unity.Timeline.Player.csproj", "{d02d1cb8-fba3-ec3c-08f4-a19f09066a45}"
EndProject
Project("{FAE04EC0-301F-11D3-BF4B-00C04F79EFBC}") = "Unity.RenderPipelines.GPUDriven.Runtime", "Unity.RenderPipelines.GPUDriven.Runtime.Player.csproj", "{306a3cc0-2f10-68be-21a2-576416ddf30a}"
EndProject
Project("{FAE04EC0-301F-11D3-BF4B-00C04F79EFBC}") = "Unity.RenderPipelines.Core.Runtime", "Unity.RenderPipelines.Core.Runtime.Player.csproj", "{af3d1ff7-859b-8925-17ec-0e74d1eee09e}"
EndProject
Project("{FAE04EC0-301F-11D3-BF4B-00C04F79EFBC}") = "Unity.Mathematics", "Unity.Mathematics.Player.csproj", "{cfc343bb-42a6-3b4d-623f-c2cb2f7e9336}"
EndProject
Project("{FAE04EC0-301F-11D3-BF4B-00C04F79EFBC}") = "Unity.Collections", "Unity.Collections.Player.csproj", "{ed4afcc7-b194-b4b1-7311-7fb59b43b3d2}"
EndProject
Project("{FAE04EC0-301F-11D3-BF4B-00C04F79EFBC}") = "UnityEngine.UI", "UnityEngine.UI.Player.csproj", "{c290119f-e4bb-67bd-7656-171b87411935}"
EndProject
Project("{FAE04EC0-301F-11D3-BF4B-00C04F79EFBC}") = "Unity.RenderPipelines.Universal.2D.Runtime", "Unity.RenderPipelines.Universal.2D.Runtime.Player.csproj", "{3e84913f-102e-52d0-61f0-ec366a3617bf}"
EndProject
Project("{FAE04EC0-301F-11D3-BF4B-00C04F79EFBC}") = "UnityEngine.TestRunner", "UnityEngine.TestRunner.Player.csproj", "{06c90ed7-7d36-55af-e232-f9d9179ec7c7}"
EndProject
Project("{FAE04EC0-301F-11D3-BF4B-00C04F79EFBC}") = "Unity.Burst", "Unity.Burst.Player.csproj", "{12f4865d-d897-74e6-6f2b-1946131040e2}"
EndProject
Project("{FAE04EC0-301F-11D3-BF4B-00C04F79EFBC}") = "Unity.InputSystem", "Unity.InputSystem.Player.csproj", "{30d9ef2a-a113-7b79-59c4-543e0524ee26}"
EndProject
Project("{FAE04EC0-301F-11D3-BF4B-00C04F79EFBC}") = "SimpleInput.Runtime", "SimpleInput.Runtime.Player.csproj", "{6e03ca89-1315-596f-f11e-9c28a0f81def}"
EndProject
Project("{FAE04EC0-301F-11D3-BF4B-00C04F79EFBC}") = "Unity.VisualScripting.Core", "Unity.VisualScripting.Core.Player.csproj", "{54026891-6f9c-4654-b1d4-a99e914a126b}"
EndProject
Project("{FAE04EC0-301F-11D3-BF4B-00C04F79EFBC}") = "Unity.RenderPipelines.Universal.Runtime", "Unity.RenderPipelines.Universal.Runtime.Player.csproj", "{3c66e61f-ca29-c2bc-b053-b95f1707ac24}"
EndProject
Project("{FAE04EC0-301F-11D3-BF4B-00C04F79EFBC}") = "Unity.VisualScripting.Flow", "Unity.VisualScripting.Flow.Player.csproj", "{21746436-ba94-08ad-d02e-b47f4a882fc0}"
EndProject
Project("{FAE04EC0-301F-11D3-BF4B-00C04F79EFBC}") = "Unity.PerformanceTesting", "Unity.PerformanceTesting.Player.csproj", "{b036c6e7-8508-3d61-44e5-a3db0985e921}"
EndProject
Project("{FAE04EC0-301F-11D3-BF4B-00C04F79EFBC}") = "Unity.TextMeshPro", "Unity.TextMeshPro.Player.csproj", "{3169b1b3-857b-a268-aea5-f04e4fb4dd40}"
EndProject
Project("{FAE04EC0-301F-11D3-BF4B-00C04F79EFBC}") = "Unity.Rendering.LightTransport.Runtime", "Unity.Rendering.LightTransport.Runtime.Player.csproj", "{ee0db76f-1e13-3085-f552-d4c657811455}"
EndProject
Project("{FAE04EC0-301F-11D3-BF4B-00C04F79EFBC}") = "Unity.VisualScripting.State", "Unity.VisualScripting.State.Player.csproj", "{a909305b-634b-1004-09b0-8d9265a67388}"
EndProject
Project("{FAE04EC0-301F-11D3-BF4B-00C04F79EFBC}") = "Unity.Multiplayer.Center.Common", "Unity.Multiplayer.Center.Common.Player.csproj", "{03da13f5-7fa5-bc6f-d0aa-75b883dc0f93}"
EndProject
Project("{FAE04EC0-301F-11D3-BF4B-00C04F79EFBC}") = "Unity.InputSystem.ForUI", "Unity.InputSystem.ForUI.Player.csproj", "{9232fb5c-c88b-5fed-3800-a82047bd75e3}"
EndProject
Project("{FAE04EC0-301F-11D3-BF4B-00C04F79EFBC}") = "Unity.AI.Navigation", "Unity.AI.Navigation.Player.csproj", "{8dd048ee-c3a5-9c4c-05cb-96be29eecf95}"
EndProject
Project("{FAE04EC0-301F-11D3-BF4B-00C04F79EFBC}") = "Unity.InputSystem.TestFramework", "Unity.InputSystem.TestFramework.Player.csproj", "{7739d488-6b0a-b63e-cba2-35569968e914}"
EndProject
Project("{FAE04EC0-301F-11D3-BF4B-00C04F79EFBC}") = "Unity.RenderPipeline.Universal.ShaderLibrary", "Unity.RenderPipeline.Universal.ShaderLibrary.Player.csproj", "{83d26c29-3f42-a3b6-db39-e590b9662c38}"
EndProject
Project("{FAE04EC0-301F-11D3-BF4B-00C04F79EFBC}") = "Assembly-CSharp", "Assembly-CSharp.Player.csproj", "{4464f21b-ad18-3145-5591-ec96b0f498cc}"
EndProject
Project("{FAE04EC0-301F-11D3-BF4B-00C04F79EFBC}") = "Unity.RenderPipelines.Universal.Shaders", "Unity.RenderPipelines.Universal.Shaders.Player.csproj", "{9f893486-6efb-5379-4959-b86ce1c42f7d}"
EndProject
Project("{FAE04EC0-301F-11D3-BF4B-00C04F79EFBC}") = "Unity.RenderPipelines.Core.Runtime.Shared", "Unity.RenderPipelines.Core.Runtime.Shared.Player.csproj", "{cc9dafae-f346-c572-4dc5-312f4db5bdc7}"
EndProject
Project("{FAE04EC0-301F-11D3-BF4B-00C04F79EFBC}") = "Unity.RenderPipelines.Universal.Config.Runtime", "Unity.RenderPipelines.Universal.Config.Runtime.Player.csproj", "{6bf3a519-888b-ea73-d21e-78de83aa2fc0}"
EndProject
Project("{FAE04EC0-301F-11D3-BF4B-00C04F79EFBC}") = "Unity.RenderPipelines.ShaderGraph.ShaderGraphLibrary", "Unity.RenderPipelines.ShaderGraph.ShaderGraphLibrary.Player.csproj", "{b1fe9975-6c14-d153-5173-23c8d2efe262}"
EndProject
Project("{FAE04EC0-301F-11D3-BF4B-00C04F79EFBC}") = "Unity.RenderPipelines.Core.ShaderLibrary", "Unity.RenderPipelines.Core.ShaderLibrary.Player.csproj", "{4eb04bc2-ebc3-0df8-1401-796c1df7aeeb}"
EndProject
Project("{FAE04EC0-301F-11D3-BF4B-00C04F79EFBC}") = "TestNewCustomAssembly", "TestNewCustomAssembly.csproj", "{2aeb1e6d-4f6a-8539-9ead-f4b3958bd5ca}"
EndProject
Project("{FAE04EC0-301F-11D3-BF4B-00C04F79EFBC}") = "Unity.AI.Navigation.Tests.EditorInPlaymode", "Unity.AI.Navigation.Tests.EditorInPlaymode.csproj", "{0f96308c-6d8b-c474-4a80-7ca2b08b521e}"
EndProject
Project("{FAE04EC0-301F-11D3-BF4B-00C04F79EFBC}") = "Unity.Mathematics.Tests", "Unity.Mathematics.Tests.csproj", "{e11c1ed4-288c-68fe-549c-447a50497261}"
EndProject
Project("{FAE04EC0-301F-11D3-BF4B-00C04F79EFBC}") = "Unity.RenderPipelines.Core.Editor.Tests", "Unity.RenderPipelines.Core.Editor.Tests.csproj", "{39ad9cdf-c140-1494-45b2-9dd886179648}"
EndProject
Project("{FAE04EC0-301F-11D3-BF4B-00C04F79EFBC}") = "Unity.RenderPipelines.Universal.Config.Editor.Tests", "Unity.RenderPipelines.Universal.Config.Editor.Tests.csproj", "{d09606d3-b1fd-a76d-e3b3-0923f354c445}"
EndProject
Project("{FAE04EC0-301F-11D3-BF4B-00C04F79EFBC}") = "Unity.RenderPipelines.Universal.Editor.Tests", "Unity.RenderPipelines.Universal.Editor.Tests.csproj", "{c888e4e4-350e-b0e7-3e6e-e6671b35f5b1}"
EndProject
Project("{FAE04EC0-301F-11D3-BF4B-00C04F79EFBC}") = "Unity.Collections.DocCodeSamples", "Unity.Collections.DocCodeSamples.csproj", "{721895fa-6f5e-3618-38bc-b53945fa85da}"
EndProject
Project("{FAE04EC0-301F-11D3-BF4B-00C04F79EFBC}") = "Unity.Searcher.EditorTests", "Unity.Searcher.EditorTests.csproj", "{e69e20f7-330b-bb33-9192-1ba33ad60f8f}"
EndProject
Project("{FAE04EC0-301F-11D3-BF4B-00C04F79EFBC}") = "Unity.Collections.PerformanceTests", "Unity.Collections.PerformanceTests.csproj", "{71127b91-f07d-cf93-f6d2-d93f07c2b16b}"
EndProject
Project("{FAE04EC0-301F-11D3-BF4B-00C04F79EFBC}") = "Unity.AI.Navigation.Tests", "Unity.AI.Navigation.Tests.csproj", "{abfae71f-3d24-a3bb-3378-01ee58e4914a}"
EndProject
Project("{FAE04EC0-301F-11D3-BF4B-00C04F79EFBC}") = "Unity.TextMeshPro.Editor.Tests", "Unity.TextMeshPro.Editor.Tests.csproj", "{223097ea-1e82-deec-df51-92034c09e010}"
EndProject
Project("{FAE04EC0-301F-11D3-BF4B-00C04F79EFBC}") = "DocCodeExamples", "DocCodeExamples.csproj", "{284ae110-6f0d-425f-16df-8111f56df8fa}"
EndProject
Project("{FAE04EC0-301F-11D3-BF4B-00C04F79EFBC}") = "Unity.LightTransport.Editor.Tests", "Unity.LightTransport.Editor.Tests.csproj", "{0537f9fc-e005-0c88-76ca-101b3a62cad8}"
EndProject
Project("{FAE04EC0-301F-11D3-BF4B-00C04F79EFBC}") = "Unity.Multiplayer.Center.Tests", "Unity.Multiplayer.Center.Tests.csproj", "{6ef6ffd2-bdb8-4bb6-be67-bd1ed57e8610}"
EndProject
Project("{FAE04EC0-301F-11D3-BF4B-00C04F79EFBC}") = "Unity.Collections.Tests", "Unity.Collections.Tests.csproj", "{a2158cd4-ac0a-6e76-ad17-adfe4ea64381}"
EndProject
Project("{FAE04EC0-301F-11D3-BF4B-00C04F79EFBC}") = "Unity.RenderPipelines.Core.Runtime.Tests", "Unity.RenderPipelines.Core.Runtime.Tests.csproj", "{602b790e-b33d-63a2-7d15-ca8e92477a43}"
EndProject
Project("{FAE04EC0-301F-11D3-BF4B-00C04F79EFBC}") = "Unity.AI.Navigation.LegacyOffMeshLink.Tests", "Unity.AI.Navigation.LegacyOffMeshLink.Tests.csproj", "{b6f16df1-3291-9a20-4482-976b1261f516}"
EndProject
Project("{FAE04EC0-301F-11D3-BF4B-00C04F79EFBC}") = "Unity.Multiplayer.Center.Editor.Tests", "Unity.Multiplayer.Center.Editor.Tests.csproj", "{91b8e5e3-97cb-a214-814c-a407a4a8037d}"
EndProject
Project("{FAE04EC0-301F-11D3-BF4B-00C04F79EFBC}") = "Unity.AI.Navigation.Editor.Tests", "Unity.AI.Navigation.Editor.Tests.csproj", "{3ebe770c-b25c-9c42-f940-de5caa7dfc8f}"
EndProject
Project("{FAE04EC0-301F-11D3-BF4B-00C04F79EFBC}") = "UnityEngine.UI.Tests", "UnityEngine.UI.Tests.csproj", "{e7dee77d-827a-be44-34bb-61ee010953c3}"
EndProject
Project("{FAE04EC0-301F-11D3-BF4B-00C04F79EFBC}") = "Unity.InputSystem.IntegrationTests", "Unity.InputSystem.IntegrationTests.csproj", "{2582f6e7-7ba8-927c-1e4f-eafbc87df77b}"
EndProject
Project("{FAE04EC0-301F-11D3-BF4B-00C04F79EFBC}") = "Unity.Collections.Tests.Playmode", "Unity.Collections.Tests.Playmode.csproj", "{fc953b91-b6d1-7ca6-c5ac-a632fbf5b6ba}"
EndProject
Project("{FAE04EC0-301F-11D3-BF4B-00C04F79EFBC}") = "Unity.Nuget.Mono-Cecil", "Unity.Nuget.Mono-Cecil.csproj", "{26cb9bca-4145-f36f-6ab8-c599a6dcf8d9}"
EndProject
Project("{FAE04EC0-301F-11D3-BF4B-00C04F79EFBC}") = "Unity.TextMeshPro.Tests", "Unity.TextMeshPro.Tests.csproj", "{a337c0f0-ad3f-f409-c463-360bdb6219f0}"
EndProject
Project("{FAE04EC0-301F-11D3-BF4B-00C04F79EFBC}") = "UnityEditor.UI.EditorTests", "UnityEditor.UI.EditorTests.csproj", "{195364fd-498a-ab8c-cefe-c5c757c0c069}"
EndProject
Project("{FAE04EC0-301F-11D3-BF4B-00C04F79EFBC}") = "Unity.RenderPipelines.Universal.Runtime.Tests", "Unity.RenderPipelines.Universal.Runtime.Tests.csproj", "{2f8a1c4b-351a-2818-d1e5-b85301fa329b}"
EndProject
Project("{FAE04EC0-301F-11D3-BF4B-00C04F79EFBC}") = "Unity.Collections.BurstCompatibilityGen", "Unity.Collections.BurstCompatibilityGen.csproj", "{814445e4-711d-142a-0289-2d2e17668fbf}"
EndProject
Project("{FAE04EC0-301F-11D3-BF4B-00C04F79EFBC}") = "Unity.ShaderGraph.Editor.Tests", "Unity.ShaderGraph.Editor.Tests.csproj", "{f85e8e98-a07f-df6c-a2e5-1dbd603ebd45}"
EndProject
Global
	GlobalSection(SolutionConfigurationPlatforms) = preSolution
		Debug|Any CPU = Debug|Any CPU
	EndGlobalSection
	GlobalSection(ProjectConfigurationPlatforms) = postSolution
		{d89cb9fa-2e85-24c7-3348-4bcc85e29ce5}.Debug|Any CPU.ActiveCfg = Debug|Any CPU
		{d89cb9fa-2e85-24c7-3348-4bcc85e29ce5}.Debug|Any CPU.Build.0 = Debug|Any CPU
		{5c18b684-ff62-0a3c-d555-6ca607878b2b}.Debug|Any CPU.ActiveCfg = Debug|Any CPU
		{5c18b684-ff62-0a3c-d555-6ca607878b2b}.Debug|Any CPU.Build.0 = Debug|Any CPU
		{0bf52715-9e7d-38ef-dc55-34cb67fb3754}.Debug|Any CPU.ActiveCfg = Debug|Any CPU
		{0bf52715-9e7d-38ef-dc55-34cb67fb3754}.Debug|Any CPU.Build.0 = Debug|Any CPU
		{d54411ef-887e-47c4-3e0e-2463a17f150d}.Debug|Any CPU.ActiveCfg = Debug|Any CPU
		{d54411ef-887e-47c4-3e0e-2463a17f150d}.Debug|Any CPU.Build.0 = Debug|Any CPU
		{76d4472c-8729-488a-85d5-2fd2f819f491}.Debug|Any CPU.ActiveCfg = Debug|Any CPU
		{76d4472c-8729-488a-85d5-2fd2f819f491}.Debug|Any CPU.Build.0 = Debug|Any CPU
		{0147d629-7c33-d79e-6eef-83206d5526fe}.Debug|Any CPU.ActiveCfg = Debug|Any CPU
		{0147d629-7c33-d79e-6eef-83206d5526fe}.Debug|Any CPU.Build.0 = Debug|Any CPU
		{f8bc0baf-8441-74ea-3d7c-8cfce1188bb9}.Debug|Any CPU.ActiveCfg = Debug|Any CPU
		{f8bc0baf-8441-74ea-3d7c-8cfce1188bb9}.Debug|Any CPU.Build.0 = Debug|Any CPU
		{9bf66951-797f-1eb4-302c-5822edaf3aab}.Debug|Any CPU.ActiveCfg = Debug|Any CPU
		{9bf66951-797f-1eb4-302c-5822edaf3aab}.Debug|Any CPU.Build.0 = Debug|Any CPU
		{c2eb0aeb-962f-c9f3-b26d-da907d8effdc}.Debug|Any CPU.ActiveCfg = Debug|Any CPU
		{c2eb0aeb-962f-c9f3-b26d-da907d8effdc}.Debug|Any CPU.Build.0 = Debug|Any CPU
		{05c37c11-3880-ea0a-08f8-b58cd5ee4572}.Debug|Any CPU.ActiveCfg = Debug|Any CPU
		{05c37c11-3880-ea0a-08f8-b58cd5ee4572}.Debug|Any CPU.Build.0 = Debug|Any CPU
		{f671c87a-0a64-b083-1972-a3def7cfa1b7}.Debug|Any CPU.ActiveCfg = Debug|Any CPU
		{f671c87a-0a64-b083-1972-a3def7cfa1b7}.Debug|Any CPU.Build.0 = Debug|Any CPU
		{1a782c71-bcdc-0687-95ef-034440a0665a}.Debug|Any CPU.ActiveCfg = Debug|Any CPU
		{1a782c71-bcdc-0687-95ef-034440a0665a}.Debug|Any CPU.Build.0 = Debug|Any CPU
		{27a19472-3561-d257-0edc-b3da91e8c3e8}.Debug|Any CPU.ActiveCfg = Debug|Any CPU
		{27a19472-3561-d257-0edc-b3da91e8c3e8}.Debug|Any CPU.Build.0 = Debug|Any CPU
		{f2d2c010-31fc-76e3-f435-ce5dae475a55}.Debug|Any CPU.ActiveCfg = Debug|Any CPU
		{f2d2c010-31fc-76e3-f435-ce5dae475a55}.Debug|Any CPU.Build.0 = Debug|Any CPU
		{bfa46a08-726b-4bef-995e-5fa88156f248}.Debug|Any CPU.ActiveCfg = Debug|Any CPU
		{bfa46a08-726b-4bef-995e-5fa88156f248}.Debug|Any CPU.Build.0 = Debug|Any CPU
		{157f438d-0117-0d3c-26de-a43b4af58ebd}.Debug|Any CPU.ActiveCfg = Debug|Any CPU
		{157f438d-0117-0d3c-26de-a43b4af58ebd}.Debug|Any CPU.Build.0 = Debug|Any CPU
		{aee20c89-221d-54d8-fa89-cbeb884e3aec}.Debug|Any CPU.ActiveCfg = Debug|Any CPU
		{aee20c89-221d-54d8-fa89-cbeb884e3aec}.Debug|Any CPU.Build.0 = Debug|Any CPU
		{2094205b-c2bb-3ece-4407-6cb77d9e66c8}.Debug|Any CPU.ActiveCfg = Debug|Any CPU
		{2094205b-c2bb-3ece-4407-6cb77d9e66c8}.Debug|Any CPU.Build.0 = Debug|Any CPU
		{507dc824-6f4a-d30f-da2b-d330580616ed}.Debug|Any CPU.ActiveCfg = Debug|Any CPU
		{507dc824-6f4a-d30f-da2b-d330580616ed}.Debug|Any CPU.Build.0 = Debug|Any CPU
		{9a731bed-11a1-bd66-2519-3331cb75f511}.Debug|Any CPU.ActiveCfg = Debug|Any CPU
		{9a731bed-11a1-bd66-2519-3331cb75f511}.Debug|Any CPU.Build.0 = Debug|Any CPU
		{598505c9-df31-5f7b-dca1-759306047885}.Debug|Any CPU.ActiveCfg = Debug|Any CPU
		{598505c9-df31-5f7b-dca1-759306047885}.Debug|Any CPU.Build.0 = Debug|Any CPU
		{92716104-888e-ec8a-c5d9-44b7df1dd848}.Debug|Any CPU.ActiveCfg = Debug|Any CPU
		{92716104-888e-ec8a-c5d9-44b7df1dd848}.Debug|Any CPU.Build.0 = Debug|Any CPU
		{e0d9cd58-dfcb-6dd6-28e4-c938b0979a0f}.Debug|Any CPU.ActiveCfg = Debug|Any CPU
		{e0d9cd58-dfcb-6dd6-28e4-c938b0979a0f}.Debug|Any CPU.Build.0 = Debug|Any CPU
		{4756b798-e041-1525-ccfc-b578f481646a}.Debug|Any CPU.ActiveCfg = Debug|Any CPU
		{4756b798-e041-1525-ccfc-b578f481646a}.Debug|Any CPU.Build.0 = Debug|Any CPU
		{c4a50d13-79cc-0ef8-6648-dd60734c0e4d}.Debug|Any CPU.ActiveCfg = Debug|Any CPU
		{c4a50d13-79cc-0ef8-6648-dd60734c0e4d}.Debug|Any CPU.Build.0 = Debug|Any CPU
		{60afe48f-aa51-bfe0-d38f-e201b1441e68}.Debug|Any CPU.ActiveCfg = Debug|Any CPU
		{60afe48f-aa51-bfe0-d38f-e201b1441e68}.Debug|Any CPU.Build.0 = Debug|Any CPU
		{b7fffff0-e4e4-fae3-264d-49f40bb5c0ad}.Debug|Any CPU.ActiveCfg = Debug|Any CPU
		{b7fffff0-e4e4-fae3-264d-49f40bb5c0ad}.Debug|Any CPU.Build.0 = Debug|Any CPU
		{96ba18bc-2dcc-b8e8-1795-9ea5be229c41}.Debug|Any CPU.ActiveCfg = Debug|Any CPU
		{96ba18bc-2dcc-b8e8-1795-9ea5be229c41}.Debug|Any CPU.Build.0 = Debug|Any CPU
		{fbffb4e1-56c8-f2a6-e740-d3c81ebb4424}.Debug|Any CPU.ActiveCfg = Debug|Any CPU
		{fbffb4e1-56c8-f2a6-e740-d3c81ebb4424}.Debug|Any CPU.Build.0 = Debug|Any CPU
		{069bfd01-30f4-96d0-60b8-28a6f81b2229}.Debug|Any CPU.ActiveCfg = Debug|Any CPU
		{069bfd01-30f4-96d0-60b8-28a6f81b2229}.Debug|Any CPU.Build.0 = Debug|Any CPU
		{b85ea63b-d9d8-e872-5459-54add0068903}.Debug|Any CPU.ActiveCfg = Debug|Any CPU
		{b85ea63b-d9d8-e872-5459-54add0068903}.Debug|Any CPU.Build.0 = Debug|Any CPU
		{0a2a057c-57fe-b62e-3b23-aa6aebd4dd72}.Debug|Any CPU.ActiveCfg = Debug|Any CPU
		{0a2a057c-57fe-b62e-3b23-aa6aebd4dd72}.Debug|Any CPU.Build.0 = Debug|Any CPU
		{7cb343ed-8132-7d47-02e8-53a0416c01e2}.Debug|Any CPU.ActiveCfg = Debug|Any CPU
		{7cb343ed-8132-7d47-02e8-53a0416c01e2}.Debug|Any CPU.Build.0 = Debug|Any CPU
		{ab46a52b-ccb4-daf9-36a1-749c657ca9e3}.Debug|Any CPU.ActiveCfg = Debug|Any CPU
		{ab46a52b-ccb4-daf9-36a1-749c657ca9e3}.Debug|Any CPU.Build.0 = Debug|Any CPU
		{d9c0f9bd-fd3a-edb1-94f5-9f126a006156}.Debug|Any CPU.ActiveCfg = Debug|Any CPU
		{d9c0f9bd-fd3a-edb1-94f5-9f126a006156}.Debug|Any CPU.Build.0 = Debug|Any CPU
		{338528e4-5c6f-f463-1c22-4daaa5c62d5f}.Debug|Any CPU.ActiveCfg = Debug|Any CPU
		{338528e4-5c6f-f463-1c22-4daaa5c62d5f}.Debug|Any CPU.Build.0 = Debug|Any CPU
		{e5190746-2f40-f15b-d15a-7fa347c31171}.Debug|Any CPU.ActiveCfg = Debug|Any CPU
		{e5190746-2f40-f15b-d15a-7fa347c31171}.Debug|Any CPU.Build.0 = Debug|Any CPU
		{3fd99f15-f4b3-ea79-9298-8e57afca162d}.Debug|Any CPU.ActiveCfg = Debug|Any CPU
		{3fd99f15-f4b3-ea79-9298-8e57afca162d}.Debug|Any CPU.Build.0 = Debug|Any CPU
		{77613650-12b6-eaff-a283-60f43eeefbf4}.Debug|Any CPU.ActiveCfg = Debug|Any CPU
		{77613650-12b6-eaff-a283-60f43eeefbf4}.Debug|Any CPU.Build.0 = Debug|Any CPU
		{1c3990c4-47d4-0e58-af75-88dfd270d65c}.Debug|Any CPU.ActiveCfg = Debug|Any CPU
		{1c3990c4-47d4-0e58-af75-88dfd270d65c}.Debug|Any CPU.Build.0 = Debug|Any CPU
		{65d0bd2a-3c33-b975-eecf-b793d9445efa}.Debug|Any CPU.ActiveCfg = Debug|Any CPU
		{65d0bd2a-3c33-b975-eecf-b793d9445efa}.Debug|Any CPU.Build.0 = Debug|Any CPU
		{fce4fd45-ab22-4b97-3d6c-c8d788a4f2e9}.Debug|Any CPU.ActiveCfg = Debug|Any CPU
		{fce4fd45-ab22-4b97-3d6c-c8d788a4f2e9}.Debug|Any CPU.Build.0 = Debug|Any CPU
		{5e964650-f4da-8d55-31f8-161f289287a3}.Debug|Any CPU.ActiveCfg = Debug|Any CPU
		{5e964650-f4da-8d55-31f8-161f289287a3}.Debug|Any CPU.Build.0 = Debug|Any CPU
		{6116148c-be9d-8cf2-894e-f12a9d6ad709}.Debug|Any CPU.ActiveCfg = Debug|Any CPU
		{6116148c-be9d-8cf2-894e-f12a9d6ad709}.Debug|Any CPU.Build.0 = Debug|Any CPU
		{89c7ac62-a0f6-2cf6-0c12-597ca3592aca}.Debug|Any CPU.ActiveCfg = Debug|Any CPU
		{89c7ac62-a0f6-2cf6-0c12-597ca3592aca}.Debug|Any CPU.Build.0 = Debug|Any CPU
		{71424fb9-2a78-eb86-c3a5-7e5b33658703}.Debug|Any CPU.ActiveCfg = Debug|Any CPU
		{71424fb9-2a78-eb86-c3a5-7e5b33658703}.Debug|Any CPU.Build.0 = Debug|Any CPU
		{ef54b032-aca3-e565-4fcf-0750c7c22363}.Debug|Any CPU.ActiveCfg = Debug|Any CPU
		{ef54b032-aca3-e565-4fcf-0750c7c22363}.Debug|Any CPU.Build.0 = Debug|Any CPU
		{158cf1a6-9941-8205-153b-5a0e9fdbee5f}.Debug|Any CPU.ActiveCfg = Debug|Any CPU
		{158cf1a6-9941-8205-153b-5a0e9fdbee5f}.Debug|Any CPU.Build.0 = Debug|Any CPU
		{eb2fe6a6-2a65-b8fb-88f4-26f41aecf294}.Debug|Any CPU.ActiveCfg = Debug|Any CPU
		{eb2fe6a6-2a65-b8fb-88f4-26f41aecf294}.Debug|Any CPU.Build.0 = Debug|Any CPU
		{6de8f22a-9df1-3a9e-8f58-5a19ed4fc1c7}.Debug|Any CPU.ActiveCfg = Debug|Any CPU
		{6de8f22a-9df1-3a9e-8f58-5a19ed4fc1c7}.Debug|Any CPU.Build.0 = Debug|Any CPU
		{82a6d686-6034-be5a-b429-84b80000756d}.Debug|Any CPU.ActiveCfg = Debug|Any CPU
		{82a6d686-6034-be5a-b429-84b80000756d}.Debug|Any CPU.Build.0 = Debug|Any CPU
		{5e317bb1-482e-7a91-3d2b-c2f2f2938317}.Debug|Any CPU.ActiveCfg = Debug|Any CPU
		{5e317bb1-482e-7a91-3d2b-c2f2f2938317}.Debug|Any CPU.Build.0 = Debug|Any CPU
		{415f51c0-cba0-1b4f-b214-36172eb093db}.Debug|Any CPU.ActiveCfg = Debug|Any CPU
		{415f51c0-cba0-1b4f-b214-36172eb093db}.Debug|Any CPU.Build.0 = Debug|Any CPU
		{458740b6-84a5-96df-f734-b94798fd6934}.Debug|Any CPU.ActiveCfg = Debug|Any CPU
		{458740b6-84a5-96df-f734-b94798fd6934}.Debug|Any CPU.Build.0 = Debug|Any CPU
		{0a3af21e-168b-3828-7457-e1d497daeea8}.Debug|Any CPU.ActiveCfg = Debug|Any CPU
		{0a3af21e-168b-3828-7457-e1d497daeea8}.Debug|Any CPU.Build.0 = Debug|Any CPU
		{f57e829a-17d7-0f1e-91d8-352bb052b63c}.Debug|Any CPU.ActiveCfg = Debug|Any CPU
		{f57e829a-17d7-0f1e-91d8-352bb052b63c}.Debug|Any CPU.Build.0 = Debug|Any CPU
		{8872ddd2-25dd-1015-e003-cc259588a4d0}.Debug|Any CPU.ActiveCfg = Debug|Any CPU
		{8872ddd2-25dd-1015-e003-cc259588a4d0}.Debug|Any CPU.Build.0 = Debug|Any CPU
		{2e03565b-3bcf-5987-54ef-f1f114f37a72}.Debug|Any CPU.ActiveCfg = Debug|Any CPU
		{2e03565b-3bcf-5987-54ef-f1f114f37a72}.Debug|Any CPU.Build.0 = Debug|Any CPU
		{29be8d01-88fc-75dd-cc1b-7aebb71a22b8}.Debug|Any CPU.ActiveCfg = Debug|Any CPU
		{29be8d01-88fc-75dd-cc1b-7aebb71a22b8}.Debug|Any CPU.Build.0 = Debug|Any CPU
		{67497f74-9564-6257-375c-ebecca98926a}.Debug|Any CPU.ActiveCfg = Debug|Any CPU
		{67497f74-9564-6257-375c-ebecca98926a}.Debug|Any CPU.Build.0 = Debug|Any CPU
		{60f236b8-d11b-31ce-c6e6-82976d7a0012}.Debug|Any CPU.ActiveCfg = Debug|Any CPU
		{60f236b8-d11b-31ce-c6e6-82976d7a0012}.Debug|Any CPU.Build.0 = Debug|Any CPU
		{78998908-9c61-2663-ff7b-c10493605790}.Debug|Any CPU.ActiveCfg = Debug|Any CPU
		{78998908-9c61-2663-ff7b-c10493605790}.Debug|Any CPU.Build.0 = Debug|Any CPU
		{dec64824-e8ce-04f0-1807-5f8d524d5cac}.Debug|Any CPU.ActiveCfg = Debug|Any CPU
		{dec64824-e8ce-04f0-1807-5f8d524d5cac}.Debug|Any CPU.Build.0 = Debug|Any CPU
		{d02d1cb8-fba3-ec3c-08f4-a19f09066a45}.Debug|Any CPU.ActiveCfg = Debug|Any CPU
		{d02d1cb8-fba3-ec3c-08f4-a19f09066a45}.Debug|Any CPU.Build.0 = Debug|Any CPU
		{306a3cc0-2f10-68be-21a2-576416ddf30a}.Debug|Any CPU.ActiveCfg = Debug|Any CPU
		{306a3cc0-2f10-68be-21a2-576416ddf30a}.Debug|Any CPU.Build.0 = Debug|Any CPU
		{af3d1ff7-859b-8925-17ec-0e74d1eee09e}.Debug|Any CPU.ActiveCfg = Debug|Any CPU
		{af3d1ff7-859b-8925-17ec-0e74d1eee09e}.Debug|Any CPU.Build.0 = Debug|Any CPU
		{cfc343bb-42a6-3b4d-623f-c2cb2f7e9336}.Debug|Any CPU.ActiveCfg = Debug|Any CPU
		{cfc343bb-42a6-3b4d-623f-c2cb2f7e9336}.Debug|Any CPU.Build.0 = Debug|Any CPU
		{ed4afcc7-b194-b4b1-7311-7fb59b43b3d2}.Debug|Any CPU.ActiveCfg = Debug|Any CPU
		{ed4afcc7-b194-b4b1-7311-7fb59b43b3d2}.Debug|Any CPU.Build.0 = Debug|Any CPU
		{c290119f-e4bb-67bd-7656-171b87411935}.Debug|Any CPU.ActiveCfg = Debug|Any CPU
		{c290119f-e4bb-67bd-7656-171b87411935}.Debug|Any CPU.Build.0 = Debug|Any CPU
		{3e84913f-102e-52d0-61f0-ec366a3617bf}.Debug|Any CPU.ActiveCfg = Debug|Any CPU
		{3e84913f-102e-52d0-61f0-ec366a3617bf}.Debug|Any CPU.Build.0 = Debug|Any CPU
		{06c90ed7-7d36-55af-e232-f9d9179ec7c7}.Debug|Any CPU.ActiveCfg = Debug|Any CPU
		{06c90ed7-7d36-55af-e232-f9d9179ec7c7}.Debug|Any CPU.Build.0 = Debug|Any CPU
		{12f4865d-d897-74e6-6f2b-1946131040e2}.Debug|Any CPU.ActiveCfg = Debug|Any CPU
		{12f4865d-d897-74e6-6f2b-1946131040e2}.Debug|Any CPU.Build.0 = Debug|Any CPU
		{30d9ef2a-a113-7b79-59c4-543e0524ee26}.Debug|Any CPU.ActiveCfg = Debug|Any CPU
		{30d9ef2a-a113-7b79-59c4-543e0524ee26}.Debug|Any CPU.Build.0 = Debug|Any CPU
		{6e03ca89-1315-596f-f11e-9c28a0f81def}.Debug|Any CPU.ActiveCfg = Debug|Any CPU
		{6e03ca89-1315-596f-f11e-9c28a0f81def}.Debug|Any CPU.Build.0 = Debug|Any CPU
		{54026891-6f9c-4654-b1d4-a99e914a126b}.Debug|Any CPU.ActiveCfg = Debug|Any CPU
		{54026891-6f9c-4654-b1d4-a99e914a126b}.Debug|Any CPU.Build.0 = Debug|Any CPU
		{3c66e61f-ca29-c2bc-b053-b95f1707ac24}.Debug|Any CPU.ActiveCfg = Debug|Any CPU
		{3c66e61f-ca29-c2bc-b053-b95f1707ac24}.Debug|Any CPU.Build.0 = Debug|Any CPU
		{21746436-ba94-08ad-d02e-b47f4a882fc0}.Debug|Any CPU.ActiveCfg = Debug|Any CPU
		{21746436-ba94-08ad-d02e-b47f4a882fc0}.Debug|Any CPU.Build.0 = Debug|Any CPU
		{b036c6e7-8508-3d61-44e5-a3db0985e921}.Debug|Any CPU.ActiveCfg = Debug|Any CPU
		{b036c6e7-8508-3d61-44e5-a3db0985e921}.Debug|Any CPU.Build.0 = Debug|Any CPU
		{3169b1b3-857b-a268-aea5-f04e4fb4dd40}.Debug|Any CPU.ActiveCfg = Debug|Any CPU
		{3169b1b3-857b-a268-aea5-f04e4fb4dd40}.Debug|Any CPU.Build.0 = Debug|Any CPU
		{ee0db76f-1e13-3085-f552-d4c657811455}.Debug|Any CPU.ActiveCfg = Debug|Any CPU
		{ee0db76f-1e13-3085-f552-d4c657811455}.Debug|Any CPU.Build.0 = Debug|Any CPU
		{a909305b-634b-1004-09b0-8d9265a67388}.Debug|Any CPU.ActiveCfg = Debug|Any CPU
		{a909305b-634b-1004-09b0-8d9265a67388}.Debug|Any CPU.Build.0 = Debug|Any CPU
		{03da13f5-7fa5-bc6f-d0aa-75b883dc0f93}.Debug|Any CPU.ActiveCfg = Debug|Any CPU
		{03da13f5-7fa5-bc6f-d0aa-75b883dc0f93}.Debug|Any CPU.Build.0 = Debug|Any CPU
		{9232fb5c-c88b-5fed-3800-a82047bd75e3}.Debug|Any CPU.ActiveCfg = Debug|Any CPU
		{9232fb5c-c88b-5fed-3800-a82047bd75e3}.Debug|Any CPU.Build.0 = Debug|Any CPU
		{8dd048ee-c3a5-9c4c-05cb-96be29eecf95}.Debug|Any CPU.ActiveCfg = Debug|Any CPU
		{8dd048ee-c3a5-9c4c-05cb-96be29eecf95}.Debug|Any CPU.Build.0 = Debug|Any CPU
		{7739d488-6b0a-b63e-cba2-35569968e914}.Debug|Any CPU.ActiveCfg = Debug|Any CPU
		{7739d488-6b0a-b63e-cba2-35569968e914}.Debug|Any CPU.Build.0 = Debug|Any CPU
		{83d26c29-3f42-a3b6-db39-e590b9662c38}.Debug|Any CPU.ActiveCfg = Debug|Any CPU
		{83d26c29-3f42-a3b6-db39-e590b9662c38}.Debug|Any CPU.Build.0 = Debug|Any CPU
		{4464f21b-ad18-3145-5591-ec96b0f498cc}.Debug|Any CPU.ActiveCfg = Debug|Any CPU
		{4464f21b-ad18-3145-5591-ec96b0f498cc}.Debug|Any CPU.Build.0 = Debug|Any CPU
		{9f893486-6efb-5379-4959-b86ce1c42f7d}.Debug|Any CPU.ActiveCfg = Debug|Any CPU
		{9f893486-6efb-5379-4959-b86ce1c42f7d}.Debug|Any CPU.Build.0 = Debug|Any CPU
		{cc9dafae-f346-c572-4dc5-312f4db5bdc7}.Debug|Any CPU.ActiveCfg = Debug|Any CPU
		{cc9dafae-f346-c572-4dc5-312f4db5bdc7}.Debug|Any CPU.Build.0 = Debug|Any CPU
		{6bf3a519-888b-ea73-d21e-78de83aa2fc0}.Debug|Any CPU.ActiveCfg = Debug|Any CPU
		{6bf3a519-888b-ea73-d21e-78de83aa2fc0}.Debug|Any CPU.Build.0 = Debug|Any CPU
		{b1fe9975-6c14-d153-5173-23c8d2efe262}.Debug|Any CPU.ActiveCfg = Debug|Any CPU
		{b1fe9975-6c14-d153-5173-23c8d2efe262}.Debug|Any CPU.Build.0 = Debug|Any CPU
		{4eb04bc2-ebc3-0df8-1401-796c1df7aeeb}.Debug|Any CPU.ActiveCfg = Debug|Any CPU
		{4eb04bc2-ebc3-0df8-1401-796c1df7aeeb}.Debug|Any CPU.Build.0 = Debug|Any CPU
		{2aeb1e6d-4f6a-8539-9ead-f4b3958bd5ca}.Debug|Any CPU.ActiveCfg = Debug|Any CPU
		{2aeb1e6d-4f6a-8539-9ead-f4b3958bd5ca}.Debug|Any CPU.Build.0 = Debug|Any CPU
		{0f96308c-6d8b-c474-4a80-7ca2b08b521e}.Debug|Any CPU.ActiveCfg = Debug|Any CPU
		{0f96308c-6d8b-c474-4a80-7ca2b08b521e}.Debug|Any CPU.Build.0 = Debug|Any CPU
		{e11c1ed4-288c-68fe-549c-447a50497261}.Debug|Any CPU.ActiveCfg = Debug|Any CPU
		{e11c1ed4-288c-68fe-549c-447a50497261}.Debug|Any CPU.Build.0 = Debug|Any CPU
		{39ad9cdf-c140-1494-45b2-9dd886179648}.Debug|Any CPU.ActiveCfg = Debug|Any CPU
		{39ad9cdf-c140-1494-45b2-9dd886179648}.Debug|Any CPU.Build.0 = Debug|Any CPU
		{d09606d3-b1fd-a76d-e3b3-0923f354c445}.Debug|Any CPU.ActiveCfg = Debug|Any CPU
		{d09606d3-b1fd-a76d-e3b3-0923f354c445}.Debug|Any CPU.Build.0 = Debug|Any CPU
		{c888e4e4-350e-b0e7-3e6e-e6671b35f5b1}.Debug|Any CPU.ActiveCfg = Debug|Any CPU
		{c888e4e4-350e-b0e7-3e6e-e6671b35f5b1}.Debug|Any CPU.Build.0 = Debug|Any CPU
		{721895fa-6f5e-3618-38bc-b53945fa85da}.Debug|Any CPU.ActiveCfg = Debug|Any CPU
		{721895fa-6f5e-3618-38bc-b53945fa85da}.Debug|Any CPU.Build.0 = Debug|Any CPU
		{e69e20f7-330b-bb33-9192-1ba33ad60f8f}.Debug|Any CPU.ActiveCfg = Debug|Any CPU
		{e69e20f7-330b-bb33-9192-1ba33ad60f8f}.Debug|Any CPU.Build.0 = Debug|Any CPU
		{71127b91-f07d-cf93-f6d2-d93f07c2b16b}.Debug|Any CPU.ActiveCfg = Debug|Any CPU
		{71127b91-f07d-cf93-f6d2-d93f07c2b16b}.Debug|Any CPU.Build.0 = Debug|Any CPU
		{abfae71f-3d24-a3bb-3378-01ee58e4914a}.Debug|Any CPU.ActiveCfg = Debug|Any CPU
		{abfae71f-3d24-a3bb-3378-01ee58e4914a}.Debug|Any CPU.Build.0 = Debug|Any CPU
		{223097ea-1e82-deec-df51-92034c09e010}.Debug|Any CPU.ActiveCfg = Debug|Any CPU
		{223097ea-1e82-deec-df51-92034c09e010}.Debug|Any CPU.Build.0 = Debug|Any CPU
		{284ae110-6f0d-425f-16df-8111f56df8fa}.Debug|Any CPU.ActiveCfg = Debug|Any CPU
		{284ae110-6f0d-425f-16df-8111f56df8fa}.Debug|Any CPU.Build.0 = Debug|Any CPU
		{0537f9fc-e005-0c88-76ca-101b3a62cad8}.Debug|Any CPU.ActiveCfg = Debug|Any CPU
		{0537f9fc-e005-0c88-76ca-101b3a62cad8}.Debug|Any CPU.Build.0 = Debug|Any CPU
		{6ef6ffd2-bdb8-4bb6-be67-bd1ed57e8610}.Debug|Any CPU.ActiveCfg = Debug|Any CPU
		{6ef6ffd2-bdb8-4bb6-be67-bd1ed57e8610}.Debug|Any CPU.Build.0 = Debug|Any CPU
		{a2158cd4-ac0a-6e76-ad17-adfe4ea64381}.Debug|Any CPU.ActiveCfg = Debug|Any CPU
		{a2158cd4-ac0a-6e76-ad17-adfe4ea64381}.Debug|Any CPU.Build.0 = Debug|Any CPU
		{602b790e-b33d-63a2-7d15-ca8e92477a43}.Debug|Any CPU.ActiveCfg = Debug|Any CPU
		{602b790e-b33d-63a2-7d15-ca8e92477a43}.Debug|Any CPU.Build.0 = Debug|Any CPU
		{b6f16df1-3291-9a20-4482-976b1261f516}.Debug|Any CPU.ActiveCfg = Debug|Any CPU
		{b6f16df1-3291-9a20-4482-976b1261f516}.Debug|Any CPU.Build.0 = Debug|Any CPU
		{91b8e5e3-97cb-a214-814c-a407a4a8037d}.Debug|Any CPU.ActiveCfg = Debug|Any CPU
		{91b8e5e3-97cb-a214-814c-a407a4a8037d}.Debug|Any CPU.Build.0 = Debug|Any CPU
		{3ebe770c-b25c-9c42-f940-de5caa7dfc8f}.Debug|Any CPU.ActiveCfg = Debug|Any CPU
		{3ebe770c-b25c-9c42-f940-de5caa7dfc8f}.Debug|Any CPU.Build.0 = Debug|Any CPU
		{e7dee77d-827a-be44-34bb-61ee010953c3}.Debug|Any CPU.ActiveCfg = Debug|Any CPU
		{e7dee77d-827a-be44-34bb-61ee010953c3}.Debug|Any CPU.Build.0 = Debug|Any CPU
		{2582f6e7-7ba8-927c-1e4f-eafbc87df77b}.Debug|Any CPU.ActiveCfg = Debug|Any CPU
		{2582f6e7-7ba8-927c-1e4f-eafbc87df77b}.Debug|Any CPU.Build.0 = Debug|Any CPU
		{fc953b91-b6d1-7ca6-c5ac-a632fbf5b6ba}.Debug|Any CPU.ActiveCfg = Debug|Any CPU
		{fc953b91-b6d1-7ca6-c5ac-a632fbf5b6ba}.Debug|Any CPU.Build.0 = Debug|Any CPU
		{26cb9bca-4145-f36f-6ab8-c599a6dcf8d9}.Debug|Any CPU.ActiveCfg = Debug|Any CPU
		{26cb9bca-4145-f36f-6ab8-c599a6dcf8d9}.Debug|Any CPU.Build.0 = Debug|Any CPU
		{a337c0f0-ad3f-f409-c463-360bdb6219f0}.Debug|Any CPU.ActiveCfg = Debug|Any CPU
		{a337c0f0-ad3f-f409-c463-360bdb6219f0}.Debug|Any CPU.Build.0 = Debug|Any CPU
		{195364fd-498a-ab8c-cefe-c5c757c0c069}.Debug|Any CPU.ActiveCfg = Debug|Any CPU
		{195364fd-498a-ab8c-cefe-c5c757c0c069}.Debug|Any CPU.Build.0 = Debug|Any CPU
		{2f8a1c4b-351a-2818-d1e5-b85301fa329b}.Debug|Any CPU.ActiveCfg = Debug|Any CPU
		{2f8a1c4b-351a-2818-d1e5-b85301fa329b}.Debug|Any CPU.Build.0 = Debug|Any CPU
		{814445e4-711d-142a-0289-2d2e17668fbf}.Debug|Any CPU.ActiveCfg = Debug|Any CPU
		{814445e4-711d-142a-0289-2d2e17668fbf}.Debug|Any CPU.Build.0 = Debug|Any CPU
		{f85e8e98-a07f-df6c-a2e5-1dbd603ebd45}.Debug|Any CPU.ActiveCfg = Debug|Any CPU
		{f85e8e98-a07f-df6c-a2e5-1dbd603ebd45}.Debug|Any CPU.Build.0 = Debug|Any CPU
	EndGlobalSection
	GlobalSection(SolutionProperties) = preSolution
		HideSolutionNode = FALSE
	EndGlobalSection
EndGlobal
